%{
  "amnesia": {:git, "https://github.com/meh/amnesia.git", "3dc0cdcbf8af263d1d784758037ce50291fccc37", [branch: "master"]},
  "exquisite": {:git, "https://github.com/meh/exquisite.git", "ff8446c9aab2dfcfcc1796849575fe86c708b6ba", [branch: "master"]},
  "syncm": {:git, "https://github.com/jpiepkow/syncm", "20c1176709e8f2f5eb0f8dfb4dd914cb6f78b846", []},
}
